{
  "name": "minecraft-websocket",
  "version": "1.0.0",
  "lockfileVersion": 1,
  "requires": true,
  "dependencies": {
    "mcws": {
      "version": "1.0.3",
      "resolved": "https://registry.npmjs.org/mcws/-/mcws-1.0.3.tgz",
      "integrity": "sha512-tHYgD/IFad3iGF3qiwL5d9P/x7O0//axfhams74lnrQhWL0HIzA/z00ELgNWej8dIBC6bHiv+YhT59IfjvmSaQ==",
      "requires": {
        "node-websocket": "^0.1.6",
        "nodejs-websocket": "^1.7.2"
      }
    }
  }
}
